PODS:
  - Flutter (1.0.0)
  - hm_cloud (0.0.1):
    - Flutter
    - Masonry (~> 1.1.0)
  - Masonry (1.1.0)

DEPENDENCIES:
  - Flutter (from `Flutter`)
  - hm_cloud (from `.symlinks/plugins/hm_cloud/ios`)

SPEC REPOS:
  trunk:
    - Masonry

EXTERNAL SOURCES:
  Flutter:
    :path: Flutter
  hm_cloud:
    :path: ".symlinks/plugins/hm_cloud/ios"

SPEC CHECKSUMS:
  Flutter: f04841e97a9d0b0a8025694d0796dd46242b2854
  hm_cloud: 1631ab0d1cd47bbf50db2d169492bea8d417f9a1
  Masonry: 678fab65091a9290e40e2832a55e7ab731aad201

PODFILE CHECKSUM: 663715e941f9adb426e33bf9376914006f9ea95b

COCOAPODS: 1.11.3
