PODS:
  - Flutter (1.0.0)
  - hm_cloud (0.0.1):
    - Flutter
    - Masonry (~> 1.1.0)
  - Masonry (1.1.0)

DEPENDENCIES:
  - Flutter (from `Flutter`)
  - hm_cloud (from `.symlinks/plugins/hm_cloud/ios`)

SPEC REPOS:
  trunk:
    - Masonry

EXTERNAL SOURCES:
  Flutter:
    :path: Flutter
  hm_cloud:
    :path: ".symlinks/plugins/hm_cloud/ios"

SPEC CHECKSUMS:
  Flutter: e0871f40cf51350855a761d2e70bf5af5b9b5de7
  hm_cloud: 1631ab0d1cd47bbf50db2d169492bea8d417f9a1
  Masonry: 678fab65091a9290e40e2832a55e7ab731aad201

PODFILE CHECKSUM: 1a782344d33c12ced0182eeab11e8668d253eb48

COCOAPODS: 1.14.2
